<Solution>
  <Folder Name="/Solution Items/">
    <File Path=".csharpierignore" />
    <File Path=".editorconfig" />
    <File Path=".gitignore" />
    <File Path="CONTRIBUTING.md" />
    <File Path="Directory.Build.props" />
    <File Path="Directory.Packages.props" />
    <File Path="dotnet-tools.json" />
    <File Path="flake.lock" />
    <File Path="flake.nix" />
    <File Path="global.json" />
    <File Path="LICENSE" />
    <File Path="README.md" />
  </Folder>
  <Folder Name="/src/">
    <Project Path="src/BlokeBot.PluginWorker/BlokeBot.PluginWorker.csproj" />
    <Project Path="src/BlokeBot.Commands/BlokeBot.Commands.csproj" />
    <Project Path="src/BlokeBot.Core/BlokeBot.Core.csproj" />
    <Project Path="src/BlokeBot.Eventing/BlokeBot.Eventing.csproj" />
    <Project Path="src/BlokeBot.Functional/BlokeBot.Functional.csproj" />
    <Project Path="src/BlokeBot.Persistence/BlokeBot.Persistence.csproj" />
    <Project Path="src/BlokeBot.Plugins.Contracts/BlokeBot.Plugins.Contracts.csproj" />
    <Project Path="src/BlokeBot.Plugins.Features/BlokeBot.Plugins.Features.csproj" />
    <Project Path="src/BlokeBot.Plugins.Runtime/BlokeBot.Plugins.Runtime.csproj" />
    <Project Path="src/BlokeBot.Twitch.Auth/BlokeBot.Twitch.Auth.csproj" />
    <Project Path="src/BlokeBot.Twitch.Runtime/BlokeBot.Twitch.Runtime.csproj" />
    <Project Path="src/BlokeBot.Twitch/BlokeBot.Twitch.csproj" />
    <Project Path="src/BlokeBot.Site/BlokeBot.Site.csproj" />
    <Project Path="src/BlokeBot.Simulation/BlokeBot.Simulation.csproj" />
    <Project Path="src/BlokeBot/BlokeBot.csproj" />
  </Folder>
  <Folder Name="/tests/">
    <Project Path="tests/BlokeBot.Commands.Tests/BlokeBot.Commands.Tests.csproj" />
    <Project Path="tests/BlokeBot.Eventing.Tests/BlokeBot.Eventing.Tests.csproj" />
    <Project Path="tests/BlokeBot.Functional.Tests/BlokeBot.Functional.Tests.csproj" />
    <Project Path="tests/BlokeBot.Plugins.Contracts.Testing/BlokeBot.Plugins.Contracts.Testing.csproj" />
    <Project Path="tests/BlokeBot.Plugins.Contracts.Tests/BlokeBot.Plugins.Contracts.Tests.csproj" />
    <Project Path="tests/BlokeBot.Plugins.Features.Tests/BlokeBot.Plugins.Features.Tests.csproj" />
    <Project Path="tests/BlokeBot.Core.Tests/BlokeBot.Core.Tests.csproj" />
    <Project Path="tests/BlokeBot.Site.Tests/BlokeBot.Site.Tests.csproj" />
    <Project Path="tests/BlokeBot.Testing/BlokeBot.Testing.csproj" />
    <Project Path="tests/BlokeBot.Twitch.Auth.Tests/BlokeBot.Twitch.Auth.Tests.csproj" />
    <Project Path="tests/BlokeBot.Twitch.Runtime.Tests/BlokeBot.Twitch.Runtime.Tests.csproj" />
    <Project Path="tests/BlokeBot.Twitch.Tests/BlokeBot.Twitch.Tests.csproj" />
    <Project Path="tests/BlokeBot.Tests/BlokeBot.Tests.csproj" />
  </Folder>
  <Folder Name="/Viset/">
    <File Path="capture/.gitignore" />
    <File Path="capture/.luarc.json" />
    <File Path="capture/.nvim.lua" />
    <File Path="capture/community-guides.lua" />
    <File Path="capture/guessing-workflow.lua" />
    <File Path="capture/home-scroll.lua" />
    <File Path="capture/media-manifest.json" />
    <File Path="capture/README.md" />
    <File Path="capture/screenshots.lua" />
    <File Path="capture/v0.5-guides.lua" />
  </Folder>
  <Folder Name="/Viset/.viset/">
    <File Path="capture/.viset/viset.d.lua" />
  </Folder>
</Solution>
