<Solution>
  <Folder Name="/src/">
    <Project Path="src/Alsi.TwitchBot/Alsi.TwitchBot.csproj" />
    <Project Path="src/BlokeBot.Eventing/BlokeBot.Eventing.csproj" />
    <Project Path="src/BlokeBot.Persistence/BlokeBot.Persistence.csproj" />
    <Project Path="src/BlokeBot/BlokeBot.csproj" />
  </Folder>
  <Folder Name="/tests/">
    <Project Path="tests/Alsi.TwitchBot.Tests/Alsi.TwitchBot.Tests.csproj" />
    <Project Path="tests/BlokeBot.Eventing.Tests/BlokeBot.Eventing.Tests.csproj" />
    <Project Path="tests/BlokeBot.Persistence.Tests/BlokeBot.Persistence.Tests.csproj" />
    <Project Path="tests/BlokeBot.Testing/BlokeBot.Testing.csproj" />
    <Project Path="tests/BlokeBot.Tests/BlokeBot.Tests.csproj" />
  </Folder>
</Solution>
